
Microsoft Visual Studio Solution File, Format Version 12.00
# Visual Studio 14
VisualStudioVersion = 14.0.25420.1
MinimumVisualStudioVersion = 10.0.40219.1
Project("{8BC9CEB8-8B4A-11D0-8D11-00A0C91BC942}") = "Aria", "Aria\Aria.vcxproj", "{6B830D5D-8206-40FA-BD91-63AC46568808}"
	ProjectSection(ProjectDependencies) = postProject
		{F721E433-F0D2-4F4C-BEA0-1AA2B2824CBD} = {F721E433-F0D2-4F4C-BEA0-1AA2B2824CBD}
		{14BC9A36-0173-4D60-B341-B92B6E3CA892} = {14BC9A36-0173-4D60-B341-B92B6E3CA892}
		{5F7EC1B1-79D0-410B-AAA5-67AE29DD3843} = {5F7EC1B1-79D0-410B-AAA5-67AE29DD3843}
		{CBB134B8-C9FE-4129-A6DD-58B94CBE1096} = {CBB134B8-C9FE-4129-A6DD-58B94CBE1096}
		{CE4F0DDF-B21D-4E85-961E-5DE4F41FFEB8} = {CE4F0DDF-B21D-4E85-961E-5DE4F41FFEB8}
	EndProjectSection
EndProject
Project("{2150E333-8FDC-42A3-9474-1A3956D46DE8}") = "Ghosts", "Ghosts", "{2C068ED6-A43D-418F-9F2A-9634EF5B7768}"
EndProject
Project("{8BC9CEB8-8B4A-11D0-8D11-00A0C91BC942}") = "GhostCodex", "GhostCodex\GhostCodex.vcxproj", "{0A5CA205-143B-43F3-94B7-A4A84B51B8E4}"
	ProjectSection(ProjectDependencies) = postProject
		{F721E433-F0D2-4F4C-BEA0-1AA2B2824CBD} = {F721E433-F0D2-4F4C-BEA0-1AA2B2824CBD}
		{14BC9A36-0173-4D60-B341-B92B6E3CA892} = {14BC9A36-0173-4D60-B341-B92B6E3CA892}
		{5F7EC1B1-79D0-410B-AAA5-67AE29DD3843} = {5F7EC1B1-79D0-410B-AAA5-67AE29DD3843}
		{CBB134B8-C9FE-4129-A6DD-58B94CBE1096} = {CBB134B8-C9FE-4129-A6DD-58B94CBE1096}
		{CE4F0DDF-B21D-4E85-961E-5DE4F41FFEB8} = {CE4F0DDF-B21D-4E85-961E-5DE4F41FFEB8}
	EndProjectSection
EndProject
Project("{8BC9CEB8-8B4A-11D0-8D11-00A0C91BC942}") = "Codex", "Codex\Codex.vcxitems", "{45D41ACC-2C3C-43D2-BC10-02AA73FFC7C7}"
EndProject
Project("{8BC9CEB8-8B4A-11D0-8D11-00A0C91BC942}") = "Ghost0", "Ghosts\Ghost0\Ghost0.vcxproj", "{D661EDE9-D005-4E3A-BA21-41E3097A84C6}"
	ProjectSection(ProjectDependencies) = postProject
		{F721E433-F0D2-4F4C-BEA0-1AA2B2824CBD} = {F721E433-F0D2-4F4C-BEA0-1AA2B2824CBD}
		{14BC9A36-0173-4D60-B341-B92B6E3CA892} = {14BC9A36-0173-4D60-B341-B92B6E3CA892}
		{5F7EC1B1-79D0-410B-AAA5-67AE29DD3843} = {5F7EC1B1-79D0-410B-AAA5-67AE29DD3843}
		{CBB134B8-C9FE-4129-A6DD-58B94CBE1096} = {CBB134B8-C9FE-4129-A6DD-58B94CBE1096}
		{CE4F0DDF-B21D-4E85-961E-5DE4F41FFEB8} = {CE4F0DDF-B21D-4E85-961E-5DE4F41FFEB8}
	EndProjectSection
EndProject
Project("{8BC9CEB8-8B4A-11D0-8D11-00A0C91BC942}") = "MuscleSensor", "Ghosts\MuscleSensor\MuscleSensor.vcxproj", "{9D1ABAFE-E436-462B-9F44-EA9DC13201D7}"
	ProjectSection(ProjectDependencies) = postProject
		{F721E433-F0D2-4F4C-BEA0-1AA2B2824CBD} = {F721E433-F0D2-4F4C-BEA0-1AA2B2824CBD}
		{14BC9A36-0173-4D60-B341-B92B6E3CA892} = {14BC9A36-0173-4D60-B341-B92B6E3CA892}
		{5F7EC1B1-79D0-410B-AAA5-67AE29DD3843} = {5F7EC1B1-79D0-410B-AAA5-67AE29DD3843}
		{CBB134B8-C9FE-4129-A6DD-58B94CBE1096} = {CBB134B8-C9FE-4129-A6DD-58B94CBE1096}
		{476291C9-B3FF-4BA6-80EF-E9E3DCB4AA4D} = {476291C9-B3FF-4BA6-80EF-E9E3DCB4AA4D}
		{CE4F0DDF-B21D-4E85-961E-5DE4F41FFEB8} = {CE4F0DDF-B21D-4E85-961E-5DE4F41FFEB8}
	EndProjectSection
EndProject
Project("{8BC9CEB8-8B4A-11D0-8D11-00A0C91BC942}") = "Arm0", "Ghosts\Arm0\Arm0.vcxproj", "{0ECB3C36-D659-49C6-9E38-F9C645E726BB}"
	ProjectSection(ProjectDependencies) = postProject
		{0A5CA205-143B-43F3-94B7-A4A84B51B8E4} = {0A5CA205-143B-43F3-94B7-A4A84B51B8E4}
		{F721E433-F0D2-4F4C-BEA0-1AA2B2824CBD} = {F721E433-F0D2-4F4C-BEA0-1AA2B2824CBD}
		{14BC9A36-0173-4D60-B341-B92B6E3CA892} = {14BC9A36-0173-4D60-B341-B92B6E3CA892}
		{5F7EC1B1-79D0-410B-AAA5-67AE29DD3843} = {5F7EC1B1-79D0-410B-AAA5-67AE29DD3843}
		{CBB134B8-C9FE-4129-A6DD-58B94CBE1096} = {CBB134B8-C9FE-4129-A6DD-58B94CBE1096}
		{CE4F0DDF-B21D-4E85-961E-5DE4F41FFEB8} = {CE4F0DDF-B21D-4E85-961E-5DE4F41FFEB8}
	EndProjectSection
EndProject
Project("{8BC9CEB8-8B4A-11D0-8D11-00A0C91BC942}") = "Ghostbox", "Ghosts\Ghostbox\Ghostbox.vcxproj", "{476291C9-B3FF-4BA6-80EF-E9E3DCB4AA4D}"
	ProjectSection(ProjectDependencies) = postProject
		{0A5CA205-143B-43F3-94B7-A4A84B51B8E4} = {0A5CA205-143B-43F3-94B7-A4A84B51B8E4}
		{F721E433-F0D2-4F4C-BEA0-1AA2B2824CBD} = {F721E433-F0D2-4F4C-BEA0-1AA2B2824CBD}
		{14BC9A36-0173-4D60-B341-B92B6E3CA892} = {14BC9A36-0173-4D60-B341-B92B6E3CA892}
		{5F7EC1B1-79D0-410B-AAA5-67AE29DD3843} = {5F7EC1B1-79D0-410B-AAA5-67AE29DD3843}
		{CBB134B8-C9FE-4129-A6DD-58B94CBE1096} = {CBB134B8-C9FE-4129-A6DD-58B94CBE1096}
		{CE4F0DDF-B21D-4E85-961E-5DE4F41FFEB8} = {CE4F0DDF-B21D-4E85-961E-5DE4F41FFEB8}
	EndProjectSection
EndProject
Project("{8BC9CEB8-8B4A-11D0-8D11-00A0C91BC942}") = "Ghostbox2", "Ghosts\Ghostbox2\Ghostbox2.vcxproj", "{CFE8CCD2-B723-485E-88A1-60D657CEA79A}"
	ProjectSection(ProjectDependencies) = postProject
		{0A5CA205-143B-43F3-94B7-A4A84B51B8E4} = {0A5CA205-143B-43F3-94B7-A4A84B51B8E4}
		{F721E433-F0D2-4F4C-BEA0-1AA2B2824CBD} = {F721E433-F0D2-4F4C-BEA0-1AA2B2824CBD}
		{14BC9A36-0173-4D60-B341-B92B6E3CA892} = {14BC9A36-0173-4D60-B341-B92B6E3CA892}
		{5F7EC1B1-79D0-410B-AAA5-67AE29DD3843} = {5F7EC1B1-79D0-410B-AAA5-67AE29DD3843}
		{CBB134B8-C9FE-4129-A6DD-58B94CBE1096} = {CBB134B8-C9FE-4129-A6DD-58B94CBE1096}
		{CE4F0DDF-B21D-4E85-961E-5DE4F41FFEB8} = {CE4F0DDF-B21D-4E85-961E-5DE4F41FFEB8}
	EndProjectSection
EndProject
Project("{2150E333-8FDC-42A3-9474-1A3956D46DE8}") = "SpehsEngine", "SpehsEngine", "{40D57D9E-9F49-48F9-8060-5D130ABB0DCF}"
EndProject
Project("{8BC9CEB8-8B4A-11D0-8D11-00A0C91BC942}") = "Audio", "..\..\SpehsEngine\SpehsEngine\Audio\Audio.vcxproj", "{F721E433-F0D2-4F4C-BEA0-1AA2B2824CBD}"
	ProjectSection(ProjectDependencies) = postProject
		{CBB134B8-C9FE-4129-A6DD-58B94CBE1096} = {CBB134B8-C9FE-4129-A6DD-58B94CBE1096}
	EndProjectSection
EndProject
Project("{8BC9CEB8-8B4A-11D0-8D11-00A0C91BC942}") = "Core", "..\..\SpehsEngine\SpehsEngine\Core\Core.vcxproj", "{CBB134B8-C9FE-4129-A6DD-58B94CBE1096}"
EndProject
Project("{8BC9CEB8-8B4A-11D0-8D11-00A0C91BC942}") = "GUI", "..\..\SpehsEngine\SpehsEngine\GUI\GUI.vcxproj", "{5F7EC1B1-79D0-410B-AAA5-67AE29DD3843}"
	ProjectSection(ProjectDependencies) = postProject
		{14BC9A36-0173-4D60-B341-B92B6E3CA892} = {14BC9A36-0173-4D60-B341-B92B6E3CA892}
		{CBB134B8-C9FE-4129-A6DD-58B94CBE1096} = {CBB134B8-C9FE-4129-A6DD-58B94CBE1096}
		{CE4F0DDF-B21D-4E85-961E-5DE4F41FFEB8} = {CE4F0DDF-B21D-4E85-961E-5DE4F41FFEB8}
	EndProjectSection
EndProject
Project("{8BC9CEB8-8B4A-11D0-8D11-00A0C91BC942}") = "Input", "..\..\SpehsEngine\SpehsEngine\Input\Input.vcxproj", "{CE4F0DDF-B21D-4E85-961E-5DE4F41FFEB8}"
	ProjectSection(ProjectDependencies) = postProject
		{CBB134B8-C9FE-4129-A6DD-58B94CBE1096} = {CBB134B8-C9FE-4129-A6DD-58B94CBE1096}
	EndProjectSection
EndProject
Project("{8BC9CEB8-8B4A-11D0-8D11-00A0C91BC942}") = "Rendering", "..\..\SpehsEngine\SpehsEngine\Rendering\Rendering.vcxproj", "{14BC9A36-0173-4D60-B341-B92B6E3CA892}"
	ProjectSection(ProjectDependencies) = postProject
		{CBB134B8-C9FE-4129-A6DD-58B94CBE1096} = {CBB134B8-C9FE-4129-A6DD-58B94CBE1096}
		{CE4F0DDF-B21D-4E85-961E-5DE4F41FFEB8} = {CE4F0DDF-B21D-4E85-961E-5DE4F41FFEB8}
	EndProjectSection
EndProject
Global
	GlobalSection(SharedMSBuildProjectFiles) = preSolution
		Codex\Codex.vcxitems*{0a5ca205-143b-43f3-94b7-a4a84b51b8e4}*SharedItemsImports = 4
		Codex\Codex.vcxitems*{45d41acc-2c3c-43d2-bc10-02aa73ffc7c7}*SharedItemsImports = 9
		..\..\SpehsEngine\SpehsEngine\Core\CoreShare.vcxitems*{cbb134b8-c9fe-4129-a6dd-58b94cbe1096}*SharedItemsImports = 4
	EndGlobalSection
	GlobalSection(SolutionConfigurationPlatforms) = preSolution
		Debug|x64 = Debug|x64
		Debug|x86 = Debug|x86
		Release|x64 = Release|x64
		Release|x86 = Release|x86
	EndGlobalSection
	GlobalSection(ProjectConfigurationPlatforms) = postSolution
		{6B830D5D-8206-40FA-BD91-63AC46568808}.Debug|x64.ActiveCfg = Debug|Win32
		{6B830D5D-8206-40FA-BD91-63AC46568808}.Debug|x86.ActiveCfg = Debug|Win32
		{6B830D5D-8206-40FA-BD91-63AC46568808}.Debug|x86.Build.0 = Debug|Win32
		{6B830D5D-8206-40FA-BD91-63AC46568808}.Release|x64.ActiveCfg = Release|Win32
		{6B830D5D-8206-40FA-BD91-63AC46568808}.Release|x86.ActiveCfg = Release|Win32
		{6B830D5D-8206-40FA-BD91-63AC46568808}.Release|x86.Build.0 = Release|Win32
		{0A5CA205-143B-43F3-94B7-A4A84B51B8E4}.Debug|x64.ActiveCfg = Debug|Win32
		{0A5CA205-143B-43F3-94B7-A4A84B51B8E4}.Debug|x86.ActiveCfg = Debug|Win32
		{0A5CA205-143B-43F3-94B7-A4A84B51B8E4}.Debug|x86.Build.0 = Debug|Win32
		{0A5CA205-143B-43F3-94B7-A4A84B51B8E4}.Release|x64.ActiveCfg = Release|Win32
		{0A5CA205-143B-43F3-94B7-A4A84B51B8E4}.Release|x86.ActiveCfg = Release|Win32
		{0A5CA205-143B-43F3-94B7-A4A84B51B8E4}.Release|x86.Build.0 = Release|Win32
		{D661EDE9-D005-4E3A-BA21-41E3097A84C6}.Debug|x64.ActiveCfg = Debug|Win32
		{D661EDE9-D005-4E3A-BA21-41E3097A84C6}.Debug|x86.ActiveCfg = Debug|Win32
		{D661EDE9-D005-4E3A-BA21-41E3097A84C6}.Debug|x86.Build.0 = Debug|Win32
		{D661EDE9-D005-4E3A-BA21-41E3097A84C6}.Release|x64.ActiveCfg = Release|Win32
		{D661EDE9-D005-4E3A-BA21-41E3097A84C6}.Release|x86.ActiveCfg = Release|Win32
		{D661EDE9-D005-4E3A-BA21-41E3097A84C6}.Release|x86.Build.0 = Release|Win32
		{9D1ABAFE-E436-462B-9F44-EA9DC13201D7}.Debug|x64.ActiveCfg = Debug|Win32
		{9D1ABAFE-E436-462B-9F44-EA9DC13201D7}.Debug|x86.ActiveCfg = Debug|Win32
		{9D1ABAFE-E436-462B-9F44-EA9DC13201D7}.Debug|x86.Build.0 = Debug|Win32
		{9D1ABAFE-E436-462B-9F44-EA9DC13201D7}.Release|x64.ActiveCfg = Release|Win32
		{9D1ABAFE-E436-462B-9F44-EA9DC13201D7}.Release|x86.ActiveCfg = Release|Win32
		{9D1ABAFE-E436-462B-9F44-EA9DC13201D7}.Release|x86.Build.0 = Release|Win32
		{0ECB3C36-D659-49C6-9E38-F9C645E726BB}.Debug|x64.ActiveCfg = Debug|Win32
		{0ECB3C36-D659-49C6-9E38-F9C645E726BB}.Debug|x86.ActiveCfg = Debug|Win32
		{0ECB3C36-D659-49C6-9E38-F9C645E726BB}.Debug|x86.Build.0 = Debug|Win32
		{0ECB3C36-D659-49C6-9E38-F9C645E726BB}.Release|x64.ActiveCfg = Release|Win32
		{0ECB3C36-D659-49C6-9E38-F9C645E726BB}.Release|x86.ActiveCfg = Release|Win32
		{0ECB3C36-D659-49C6-9E38-F9C645E726BB}.Release|x86.Build.0 = Release|Win32
		{476291C9-B3FF-4BA6-80EF-E9E3DCB4AA4D}.Debug|x64.ActiveCfg = Debug|Win32
		{476291C9-B3FF-4BA6-80EF-E9E3DCB4AA4D}.Debug|x86.ActiveCfg = Debug|Win32
		{476291C9-B3FF-4BA6-80EF-E9E3DCB4AA4D}.Debug|x86.Build.0 = Debug|Win32
		{476291C9-B3FF-4BA6-80EF-E9E3DCB4AA4D}.Release|x64.ActiveCfg = Release|Win32
		{476291C9-B3FF-4BA6-80EF-E9E3DCB4AA4D}.Release|x86.ActiveCfg = Release|Win32
		{476291C9-B3FF-4BA6-80EF-E9E3DCB4AA4D}.Release|x86.Build.0 = Release|Win32
		{CFE8CCD2-B723-485E-88A1-60D657CEA79A}.Debug|x64.ActiveCfg = Debug|Win32
		{CFE8CCD2-B723-485E-88A1-60D657CEA79A}.Debug|x86.ActiveCfg = Debug|Win32
		{CFE8CCD2-B723-485E-88A1-60D657CEA79A}.Debug|x86.Build.0 = Debug|Win32
		{CFE8CCD2-B723-485E-88A1-60D657CEA79A}.Release|x64.ActiveCfg = Release|Win32
		{CFE8CCD2-B723-485E-88A1-60D657CEA79A}.Release|x86.ActiveCfg = Release|Win32
		{CFE8CCD2-B723-485E-88A1-60D657CEA79A}.Release|x86.Build.0 = Release|Win32
		{F721E433-F0D2-4F4C-BEA0-1AA2B2824CBD}.Debug|x64.ActiveCfg = Debug|x64
		{F721E433-F0D2-4F4C-BEA0-1AA2B2824CBD}.Debug|x64.Build.0 = Debug|x64
		{F721E433-F0D2-4F4C-BEA0-1AA2B2824CBD}.Debug|x86.ActiveCfg = Debug|Win32
		{F721E433-F0D2-4F4C-BEA0-1AA2B2824CBD}.Debug|x86.Build.0 = Debug|Win32
		{F721E433-F0D2-4F4C-BEA0-1AA2B2824CBD}.Release|x64.ActiveCfg = Release|x64
		{F721E433-F0D2-4F4C-BEA0-1AA2B2824CBD}.Release|x64.Build.0 = Release|x64
		{F721E433-F0D2-4F4C-BEA0-1AA2B2824CBD}.Release|x86.ActiveCfg = Release|Win32
		{F721E433-F0D2-4F4C-BEA0-1AA2B2824CBD}.Release|x86.Build.0 = Release|Win32
		{CBB134B8-C9FE-4129-A6DD-58B94CBE1096}.Debug|x64.ActiveCfg = Debug|x64
		{CBB134B8-C9FE-4129-A6DD-58B94CBE1096}.Debug|x64.Build.0 = Debug|x64
		{CBB134B8-C9FE-4129-A6DD-58B94CBE1096}.Debug|x86.ActiveCfg = Debug|Win32
		{CBB134B8-C9FE-4129-A6DD-58B94CBE1096}.Debug|x86.Build.0 = Debug|Win32
		{CBB134B8-C9FE-4129-A6DD-58B94CBE1096}.Release|x64.ActiveCfg = Release|x64
		{CBB134B8-C9FE-4129-A6DD-58B94CBE1096}.Release|x64.Build.0 = Release|x64
		{CBB134B8-C9FE-4129-A6DD-58B94CBE1096}.Release|x86.ActiveCfg = Release|Win32
		{CBB134B8-C9FE-4129-A6DD-58B94CBE1096}.Release|x86.Build.0 = Release|Win32
		{5F7EC1B1-79D0-410B-AAA5-67AE29DD3843}.Debug|x64.ActiveCfg = Debug|x64
		{5F7EC1B1-79D0-410B-AAA5-67AE29DD3843}.Debug|x64.Build.0 = Debug|x64
		{5F7EC1B1-79D0-410B-AAA5-67AE29DD3843}.Debug|x86.ActiveCfg = Debug|Win32
		{5F7EC1B1-79D0-410B-AAA5-67AE29DD3843}.Debug|x86.Build.0 = Debug|Win32
		{5F7EC1B1-79D0-410B-AAA5-67AE29DD3843}.Release|x64.ActiveCfg = Release|x64
		{5F7EC1B1-79D0-410B-AAA5-67AE29DD3843}.Release|x64.Build.0 = Release|x64
		{5F7EC1B1-79D0-410B-AAA5-67AE29DD3843}.Release|x86.ActiveCfg = Release|Win32
		{5F7EC1B1-79D0-410B-AAA5-67AE29DD3843}.Release|x86.Build.0 = Release|Win32
		{CE4F0DDF-B21D-4E85-961E-5DE4F41FFEB8}.Debug|x64.ActiveCfg = Debug|x64
		{CE4F0DDF-B21D-4E85-961E-5DE4F41FFEB8}.Debug|x64.Build.0 = Debug|x64
		{CE4F0DDF-B21D-4E85-961E-5DE4F41FFEB8}.Debug|x86.ActiveCfg = Debug|Win32
		{CE4F0DDF-B21D-4E85-961E-5DE4F41FFEB8}.Debug|x86.Build.0 = Debug|Win32
		{CE4F0DDF-B21D-4E85-961E-5DE4F41FFEB8}.Release|x64.ActiveCfg = Release|x64
		{CE4F0DDF-B21D-4E85-961E-5DE4F41FFEB8}.Release|x64.Build.0 = Release|x64
		{CE4F0DDF-B21D-4E85-961E-5DE4F41FFEB8}.Release|x86.ActiveCfg = Release|Win32
		{CE4F0DDF-B21D-4E85-961E-5DE4F41FFEB8}.Release|x86.Build.0 = Release|Win32
		{14BC9A36-0173-4D60-B341-B92B6E3CA892}.Debug|x64.ActiveCfg = Debug|x64
		{14BC9A36-0173-4D60-B341-B92B6E3CA892}.Debug|x64.Build.0 = Debug|x64
		{14BC9A36-0173-4D60-B341-B92B6E3CA892}.Debug|x86.ActiveCfg = Debug|Win32
		{14BC9A36-0173-4D60-B341-B92B6E3CA892}.Debug|x86.Build.0 = Debug|Win32
		{14BC9A36-0173-4D60-B341-B92B6E3CA892}.Release|x64.ActiveCfg = Release|x64
		{14BC9A36-0173-4D60-B341-B92B6E3CA892}.Release|x64.Build.0 = Release|x64
		{14BC9A36-0173-4D60-B341-B92B6E3CA892}.Release|x86.ActiveCfg = Release|Win32
		{14BC9A36-0173-4D60-B341-B92B6E3CA892}.Release|x86.Build.0 = Release|Win32
	EndGlobalSection
	GlobalSection(SolutionProperties) = preSolution
		HideSolutionNode = FALSE
	EndGlobalSection
	GlobalSection(NestedProjects) = preSolution
		{D661EDE9-D005-4E3A-BA21-41E3097A84C6} = {2C068ED6-A43D-418F-9F2A-9634EF5B7768}
		{9D1ABAFE-E436-462B-9F44-EA9DC13201D7} = {2C068ED6-A43D-418F-9F2A-9634EF5B7768}
		{0ECB3C36-D659-49C6-9E38-F9C645E726BB} = {2C068ED6-A43D-418F-9F2A-9634EF5B7768}
		{476291C9-B3FF-4BA6-80EF-E9E3DCB4AA4D} = {2C068ED6-A43D-418F-9F2A-9634EF5B7768}
		{CFE8CCD2-B723-485E-88A1-60D657CEA79A} = {2C068ED6-A43D-418F-9F2A-9634EF5B7768}
		{F721E433-F0D2-4F4C-BEA0-1AA2B2824CBD} = {40D57D9E-9F49-48F9-8060-5D130ABB0DCF}
		{CBB134B8-C9FE-4129-A6DD-58B94CBE1096} = {40D57D9E-9F49-48F9-8060-5D130ABB0DCF}
		{5F7EC1B1-79D0-410B-AAA5-67AE29DD3843} = {40D57D9E-9F49-48F9-8060-5D130ABB0DCF}
		{CE4F0DDF-B21D-4E85-961E-5DE4F41FFEB8} = {40D57D9E-9F49-48F9-8060-5D130ABB0DCF}
		{14BC9A36-0173-4D60-B341-B92B6E3CA892} = {40D57D9E-9F49-48F9-8060-5D130ABB0DCF}
	EndGlobalSection
EndGlobal
