
Microsoft Visual Studio Solution File, Format Version 12.00
# Visual Studio 14
VisualStudioVersion = 14.0.25420.1
MinimumVisualStudioVersion = 10.0.40219.1
Project("{8BC9CEB8-8B4A-11D0-8D11-00A0C91BC942}") = "Aria", "Aria\Aria.vcxproj", "{6B830D5D-8206-40FA-BD91-63AC46568808}"
	ProjectSection(ProjectDependencies) = postProject
		{545A88BB-7447-428B-8A73-A1E8F2BBDB33} = {545A88BB-7447-428B-8A73-A1E8F2BBDB33}
	EndProjectSection
EndProject
Project("{8BC9CEB8-8B4A-11D0-8D11-00A0C91BC942}") = "Ghost0", "Robots\Robot0\Ghost0\Ghost0.vcxproj", "{D661EDE9-D005-4E3A-BA21-41E3097A84C6}"
	ProjectSection(ProjectDependencies) = postProject
		{545A88BB-7447-428B-8A73-A1E8F2BBDB33} = {545A88BB-7447-428B-8A73-A1E8F2BBDB33}
	EndProjectSection
EndProject
Project("{8BC9CEB8-8B4A-11D0-8D11-00A0C91BC942}") = "SpehsEngine", "..\..\SpehsEngine\SpehsEngine\SpehsEngine.vcxproj", "{545A88BB-7447-428B-8A73-A1E8F2BBDB33}"
EndProject
Project("{2150E333-8FDC-42A3-9474-1A3956D46DE8}") = "Robots", "Robots", "{2C068ED6-A43D-418F-9F2A-9634EF5B7768}"
EndProject
Project("{2150E333-8FDC-42A3-9474-1A3956D46DE8}") = "Robot0", "Robot0", "{63C2786C-0A87-4D15-AA0C-BAD689BEF3A2}"
EndProject
Project("{8BC9CEB8-8B4A-11D0-8D11-00A0C91BC942}") = "GhostCodex", "GhostCodex\GhostCodex.vcxproj", "{0A5CA205-143B-43F3-94B7-A4A84B51B8E4}"
EndProject
Project("{8BC9CEB8-8B4A-11D0-8D11-00A0C91BC942}") = "Codex", "Codex\Codex.vcxitems", "{45D41ACC-2C3C-43D2-BC10-02AA73FFC7C7}"
EndProject
Global
	GlobalSection(SharedMSBuildProjectFiles) = preSolution
		Codex\Codex.vcxitems*{0a5ca205-143b-43f3-94b7-a4a84b51b8e4}*SharedItemsImports = 4
		Codex\Codex.vcxitems*{45d41acc-2c3c-43d2-bc10-02aa73ffc7c7}*SharedItemsImports = 9
	EndGlobalSection
	GlobalSection(SolutionConfigurationPlatforms) = preSolution
		Debug|ARM = Debug|ARM
		Debug|x64 = Debug|x64
		Debug|x86 = Debug|x86
		Release|ARM = Release|ARM
		Release|x64 = Release|x64
		Release|x86 = Release|x86
	EndGlobalSection
	GlobalSection(ProjectConfigurationPlatforms) = postSolution
		{6B830D5D-8206-40FA-BD91-63AC46568808}.Debug|ARM.ActiveCfg = Debug|Win32
		{6B830D5D-8206-40FA-BD91-63AC46568808}.Debug|x64.ActiveCfg = Debug|x64
		{6B830D5D-8206-40FA-BD91-63AC46568808}.Debug|x64.Build.0 = Debug|x64
		{6B830D5D-8206-40FA-BD91-63AC46568808}.Debug|x64.Deploy.0 = Debug|x64
		{6B830D5D-8206-40FA-BD91-63AC46568808}.Debug|x86.ActiveCfg = Debug|Win32
		{6B830D5D-8206-40FA-BD91-63AC46568808}.Debug|x86.Build.0 = Debug|Win32
		{6B830D5D-8206-40FA-BD91-63AC46568808}.Release|ARM.ActiveCfg = Release|Win32
		{6B830D5D-8206-40FA-BD91-63AC46568808}.Release|x64.ActiveCfg = Release|x64
		{6B830D5D-8206-40FA-BD91-63AC46568808}.Release|x64.Build.0 = Release|x64
		{6B830D5D-8206-40FA-BD91-63AC46568808}.Release|x86.ActiveCfg = Release|Win32
		{6B830D5D-8206-40FA-BD91-63AC46568808}.Release|x86.Build.0 = Release|Win32
		{D661EDE9-D005-4E3A-BA21-41E3097A84C6}.Debug|ARM.ActiveCfg = Debug|Win32
		{D661EDE9-D005-4E3A-BA21-41E3097A84C6}.Debug|x64.ActiveCfg = Debug|x64
		{D661EDE9-D005-4E3A-BA21-41E3097A84C6}.Debug|x64.Build.0 = Debug|x64
		{D661EDE9-D005-4E3A-BA21-41E3097A84C6}.Debug|x86.ActiveCfg = Debug|Win32
		{D661EDE9-D005-4E3A-BA21-41E3097A84C6}.Debug|x86.Build.0 = Debug|Win32
		{D661EDE9-D005-4E3A-BA21-41E3097A84C6}.Release|ARM.ActiveCfg = Release|Win32
		{D661EDE9-D005-4E3A-BA21-41E3097A84C6}.Release|x64.ActiveCfg = Release|x64
		{D661EDE9-D005-4E3A-BA21-41E3097A84C6}.Release|x64.Build.0 = Release|x64
		{D661EDE9-D005-4E3A-BA21-41E3097A84C6}.Release|x86.ActiveCfg = Release|Win32
		{D661EDE9-D005-4E3A-BA21-41E3097A84C6}.Release|x86.Build.0 = Release|Win32
		{545A88BB-7447-428B-8A73-A1E8F2BBDB33}.Debug|ARM.ActiveCfg = Debug|Win32
		{545A88BB-7447-428B-8A73-A1E8F2BBDB33}.Debug|x64.ActiveCfg = Debug|Win32
		{545A88BB-7447-428B-8A73-A1E8F2BBDB33}.Debug|x64.Build.0 = Debug|Win32
		{545A88BB-7447-428B-8A73-A1E8F2BBDB33}.Debug|x86.ActiveCfg = Debug|Win32
		{545A88BB-7447-428B-8A73-A1E8F2BBDB33}.Debug|x86.Build.0 = Debug|Win32
		{545A88BB-7447-428B-8A73-A1E8F2BBDB33}.Release|ARM.ActiveCfg = Release|Win32
		{545A88BB-7447-428B-8A73-A1E8F2BBDB33}.Release|x64.ActiveCfg = Release|Win32
		{545A88BB-7447-428B-8A73-A1E8F2BBDB33}.Release|x86.ActiveCfg = Release|Win32
		{545A88BB-7447-428B-8A73-A1E8F2BBDB33}.Release|x86.Build.0 = Release|Win32
		{0A5CA205-143B-43F3-94B7-A4A84B51B8E4}.Debug|ARM.ActiveCfg = Debug|Win32
		{0A5CA205-143B-43F3-94B7-A4A84B51B8E4}.Debug|x64.ActiveCfg = Debug|x64
		{0A5CA205-143B-43F3-94B7-A4A84B51B8E4}.Debug|x64.Build.0 = Debug|x64
		{0A5CA205-143B-43F3-94B7-A4A84B51B8E4}.Debug|x86.ActiveCfg = Debug|Win32
		{0A5CA205-143B-43F3-94B7-A4A84B51B8E4}.Debug|x86.Build.0 = Debug|Win32
		{0A5CA205-143B-43F3-94B7-A4A84B51B8E4}.Release|ARM.ActiveCfg = Release|Win32
		{0A5CA205-143B-43F3-94B7-A4A84B51B8E4}.Release|x64.ActiveCfg = Release|x64
		{0A5CA205-143B-43F3-94B7-A4A84B51B8E4}.Release|x64.Build.0 = Release|x64
		{0A5CA205-143B-43F3-94B7-A4A84B51B8E4}.Release|x86.ActiveCfg = Release|Win32
		{0A5CA205-143B-43F3-94B7-A4A84B51B8E4}.Release|x86.Build.0 = Release|Win32
	EndGlobalSection
	GlobalSection(SolutionProperties) = preSolution
		HideSolutionNode = FALSE
	EndGlobalSection
	GlobalSection(NestedProjects) = preSolution
		{D661EDE9-D005-4E3A-BA21-41E3097A84C6} = {63C2786C-0A87-4D15-AA0C-BAD689BEF3A2}
		{63C2786C-0A87-4D15-AA0C-BAD689BEF3A2} = {2C068ED6-A43D-418F-9F2A-9634EF5B7768}
	EndGlobalSection
EndGlobal
