
Microsoft Visual Studio Solution File, Format Version 12.00
# Visual Studio 14
VisualStudioVersion = 14.0.25420.1
MinimumVisualStudioVersion = 10.0.40219.1
Project("{2150E333-8FDC-42A3-9474-1A3956D46DE8}") = "Shells", "Shells", "{2C068ED6-A43D-418F-9F2A-9634EF5B7768}"
EndProject
Project("{8BC9CEB8-8B4A-11D0-8D11-00A0C91BC942}") = "Shell0", "Shells\Shell0\Shell0.vcxproj", "{5DF77CEB-6398-461E-AD1F-878A612E091E}"
	ProjectSection(ProjectDependencies) = postProject
		{FC0A7E1D-5F58-450F-8C15-F2BB74741210} = {FC0A7E1D-5F58-450F-8C15-F2BB74741210}
		{FB75A45A-2108-4AAD-A816-4846EE76FF1C} = {FB75A45A-2108-4AAD-A816-4846EE76FF1C}
		{96A4E6B2-A6B4-4DC3-B438-507747EC9FC4} = {96A4E6B2-A6B4-4DC3-B438-507747EC9FC4}
		{1F68B9C3-B6AA-4A51-89E0-FABD698E9652} = {1F68B9C3-B6AA-4A51-89E0-FABD698E9652}
	EndProjectSection
EndProject
Project("{8BC9CEB8-8B4A-11D0-8D11-00A0C91BC942}") = "Arm0", "Shells\Arm0\Arm0.vcxproj", "{E6B1CECC-A971-445B-B18E-24B10AD0911A}"
	ProjectSection(ProjectDependencies) = postProject
		{FC0A7E1D-5F58-450F-8C15-F2BB74741210} = {FC0A7E1D-5F58-450F-8C15-F2BB74741210}
		{FB75A45A-2108-4AAD-A816-4846EE76FF1C} = {FB75A45A-2108-4AAD-A816-4846EE76FF1C}
		{96A4E6B2-A6B4-4DC3-B438-507747EC9FC4} = {96A4E6B2-A6B4-4DC3-B438-507747EC9FC4}
		{1F68B9C3-B6AA-4A51-89E0-FABD698E9652} = {1F68B9C3-B6AA-4A51-89E0-FABD698E9652}
	EndProjectSection
EndProject
Project("{2150E333-8FDC-42A3-9474-1A3956D46DE8}") = "Solution Items", "Solution Items", "{1A84D71F-59C6-4E2D-8E1A-123B2CCCFA6C}"
EndProject
Project("{8BC9CEB8-8B4A-11D0-8D11-00A0C91BC942}") = "Sandshell", "Shells\Sandshell\Sandshell.vcxproj", "{77BAA345-A43D-4EA4-A980-F3A1B8FE30D2}"
	ProjectSection(ProjectDependencies) = postProject
		{FC0A7E1D-5F58-450F-8C15-F2BB74741210} = {FC0A7E1D-5F58-450F-8C15-F2BB74741210}
		{FB75A45A-2108-4AAD-A816-4846EE76FF1C} = {FB75A45A-2108-4AAD-A816-4846EE76FF1C}
		{96A4E6B2-A6B4-4DC3-B438-507747EC9FC4} = {96A4E6B2-A6B4-4DC3-B438-507747EC9FC4}
		{1F68B9C3-B6AA-4A51-89E0-FABD698E9652} = {1F68B9C3-B6AA-4A51-89E0-FABD698E9652}
	EndProjectSection
EndProject
Project("{8BC9CEB8-8B4A-11D0-8D11-00A0C91BC942}") = "CoreARM", "..\..\SpehsEngine\SpehsEngine\Core\CoreARM.vcxproj", "{96A4E6B2-A6B4-4DC3-B438-507747EC9FC4}"
EndProject
Project("{2150E333-8FDC-42A3-9474-1A3956D46DE8}") = "SpehsEngine", "SpehsEngine", "{09A0997F-3DD2-448A-BC99-8C05F88D4894}"
EndProject
Project("{8BC9CEB8-8B4A-11D0-8D11-00A0C91BC942}") = "CoreShare", "..\..\SpehsEngine\SpehsEngine\Core\CoreShare.vcxitems", "{0C2F55CA-E03F-415D-8340-A8E33BE520B0}"
EndProject
Project("{8BC9CEB8-8B4A-11D0-8D11-00A0C91BC942}") = "GPIO_Share", "..\..\SpehsEngine\SpehsEngine\GPIO\GPIO_Share.vcxitems", "{F3630E63-73EC-4338-A0A1-41346357311C}"
EndProject
Project("{8BC9CEB8-8B4A-11D0-8D11-00A0C91BC942}") = "GPIO_ARM", "..\..\SpehsEngine\SpehsEngine\GPIO\GPIO_ARM.vcxproj", "{FB75A45A-2108-4AAD-A816-4846EE76FF1C}"
	ProjectSection(ProjectDependencies) = postProject
		{FC0A7E1D-5F58-450F-8C15-F2BB74741210} = {FC0A7E1D-5F58-450F-8C15-F2BB74741210}
		{96A4E6B2-A6B4-4DC3-B438-507747EC9FC4} = {96A4E6B2-A6B4-4DC3-B438-507747EC9FC4}
		{1F68B9C3-B6AA-4A51-89E0-FABD698E9652} = {1F68B9C3-B6AA-4A51-89E0-FABD698E9652}
	EndProjectSection
EndProject
Project("{8BC9CEB8-8B4A-11D0-8D11-00A0C91BC942}") = "Net_ARM", "..\..\SpehsEngine\SpehsEngine\Net\Net_ARM.vcxproj", "{1F68B9C3-B6AA-4A51-89E0-FABD698E9652}"
	ProjectSection(ProjectDependencies) = postProject
		{96A4E6B2-A6B4-4DC3-B438-507747EC9FC4} = {96A4E6B2-A6B4-4DC3-B438-507747EC9FC4}
	EndProjectSection
EndProject
Project("{8BC9CEB8-8B4A-11D0-8D11-00A0C91BC942}") = "Sync_ARM", "..\..\SpehsEngine\SpehsEngine\Sync\Sync_ARM.vcxproj", "{FC0A7E1D-5F58-450F-8C15-F2BB74741210}"
	ProjectSection(ProjectDependencies) = postProject
		{96A4E6B2-A6B4-4DC3-B438-507747EC9FC4} = {96A4E6B2-A6B4-4DC3-B438-507747EC9FC4}
		{1F68B9C3-B6AA-4A51-89E0-FABD698E9652} = {1F68B9C3-B6AA-4A51-89E0-FABD698E9652}
	EndProjectSection
EndProject
Project("{8BC9CEB8-8B4A-11D0-8D11-00A0C91BC942}") = "Net_Share", "..\..\SpehsEngine\SpehsEngine\Net\Net_Share.vcxitems", "{1E65A9FA-C973-42FE-AA97-CD08C94E9BB4}"
EndProject
Project("{8BC9CEB8-8B4A-11D0-8D11-00A0C91BC942}") = "Sync_Share", "..\..\SpehsEngine\SpehsEngine\Sync\Sync_Share.vcxitems", "{F9A7362B-F51A-4941-BC6F-1EC1222C8B18}"
EndProject
Global
	GlobalSection(SharedMSBuildProjectFiles) = preSolution
		..\..\SpehsEngine\SpehsEngine\Core\CoreShare.vcxitems*{0c2f55ca-e03f-415d-8340-a8e33be520b0}*SharedItemsImports = 9
		..\..\SpehsEngine\SpehsEngine\Net\Net_Share.vcxitems*{1e65a9fa-c973-42fe-aa97-cd08c94e9bb4}*SharedItemsImports = 9
		..\..\SpehsEngine\SpehsEngine\Net\Net_Share.vcxitems*{1f68b9c3-b6aa-4a51-89e0-fabd698e9652}*SharedItemsImports = 4
		..\..\SpehsEngine\SpehsEngine\Core\CoreShare.vcxitems*{96a4e6b2-a6b4-4dc3-b438-507747ec9fc4}*SharedItemsImports = 4
		..\..\SpehsEngine\SpehsEngine\GPIO\GPIO_Share.vcxitems*{f3630e63-73ec-4338-a0a1-41346357311c}*SharedItemsImports = 9
		..\..\SpehsEngine\SpehsEngine\Sync\Sync_Share.vcxitems*{f9a7362b-f51a-4941-bc6f-1ec1222c8b18}*SharedItemsImports = 9
		..\..\SpehsEngine\SpehsEngine\GPIO\GPIO_Share.vcxitems*{fb75a45a-2108-4aad-a816-4846ee76ff1c}*SharedItemsImports = 4
		..\..\SpehsEngine\SpehsEngine\Sync\Sync_Share.vcxitems*{fc0a7e1d-5f58-450f-8c15-f2bb74741210}*SharedItemsImports = 4
	EndGlobalSection
	GlobalSection(SolutionConfigurationPlatforms) = preSolution
		Debug|ARM = Debug|ARM
		Release|ARM = Release|ARM
	EndGlobalSection
	GlobalSection(ProjectConfigurationPlatforms) = postSolution
		{5DF77CEB-6398-461E-AD1F-878A612E091E}.Debug|ARM.ActiveCfg = Debug|ARM
		{5DF77CEB-6398-461E-AD1F-878A612E091E}.Debug|ARM.Build.0 = Debug|ARM
		{5DF77CEB-6398-461E-AD1F-878A612E091E}.Release|ARM.ActiveCfg = Release|ARM
		{5DF77CEB-6398-461E-AD1F-878A612E091E}.Release|ARM.Build.0 = Release|ARM
		{E6B1CECC-A971-445B-B18E-24B10AD0911A}.Debug|ARM.ActiveCfg = Debug|ARM
		{E6B1CECC-A971-445B-B18E-24B10AD0911A}.Debug|ARM.Build.0 = Debug|ARM
		{E6B1CECC-A971-445B-B18E-24B10AD0911A}.Release|ARM.ActiveCfg = Release|ARM
		{E6B1CECC-A971-445B-B18E-24B10AD0911A}.Release|ARM.Build.0 = Release|ARM
		{77BAA345-A43D-4EA4-A980-F3A1B8FE30D2}.Debug|ARM.ActiveCfg = Debug|ARM
		{77BAA345-A43D-4EA4-A980-F3A1B8FE30D2}.Debug|ARM.Build.0 = Debug|ARM
		{77BAA345-A43D-4EA4-A980-F3A1B8FE30D2}.Release|ARM.ActiveCfg = Release|ARM
		{77BAA345-A43D-4EA4-A980-F3A1B8FE30D2}.Release|ARM.Build.0 = Release|ARM
		{96A4E6B2-A6B4-4DC3-B438-507747EC9FC4}.Debug|ARM.ActiveCfg = Debug|ARM
		{96A4E6B2-A6B4-4DC3-B438-507747EC9FC4}.Debug|ARM.Build.0 = Debug|ARM
		{96A4E6B2-A6B4-4DC3-B438-507747EC9FC4}.Release|ARM.ActiveCfg = Release|ARM
		{96A4E6B2-A6B4-4DC3-B438-507747EC9FC4}.Release|ARM.Build.0 = Release|ARM
		{FB75A45A-2108-4AAD-A816-4846EE76FF1C}.Debug|ARM.ActiveCfg = Debug|ARM
		{FB75A45A-2108-4AAD-A816-4846EE76FF1C}.Debug|ARM.Build.0 = Debug|ARM
		{FB75A45A-2108-4AAD-A816-4846EE76FF1C}.Release|ARM.ActiveCfg = Release|ARM
		{FB75A45A-2108-4AAD-A816-4846EE76FF1C}.Release|ARM.Build.0 = Release|ARM
		{1F68B9C3-B6AA-4A51-89E0-FABD698E9652}.Debug|ARM.ActiveCfg = Debug|ARM
		{1F68B9C3-B6AA-4A51-89E0-FABD698E9652}.Debug|ARM.Build.0 = Debug|ARM
		{1F68B9C3-B6AA-4A51-89E0-FABD698E9652}.Release|ARM.ActiveCfg = Release|ARM
		{1F68B9C3-B6AA-4A51-89E0-FABD698E9652}.Release|ARM.Build.0 = Release|ARM
		{FC0A7E1D-5F58-450F-8C15-F2BB74741210}.Debug|ARM.ActiveCfg = Debug|ARM
		{FC0A7E1D-5F58-450F-8C15-F2BB74741210}.Debug|ARM.Build.0 = Debug|ARM
		{FC0A7E1D-5F58-450F-8C15-F2BB74741210}.Release|ARM.ActiveCfg = Release|ARM
		{FC0A7E1D-5F58-450F-8C15-F2BB74741210}.Release|ARM.Build.0 = Release|ARM
	EndGlobalSection
	GlobalSection(SolutionProperties) = preSolution
		HideSolutionNode = FALSE
	EndGlobalSection
	GlobalSection(NestedProjects) = preSolution
		{5DF77CEB-6398-461E-AD1F-878A612E091E} = {2C068ED6-A43D-418F-9F2A-9634EF5B7768}
		{E6B1CECC-A971-445B-B18E-24B10AD0911A} = {2C068ED6-A43D-418F-9F2A-9634EF5B7768}
		{77BAA345-A43D-4EA4-A980-F3A1B8FE30D2} = {2C068ED6-A43D-418F-9F2A-9634EF5B7768}
		{96A4E6B2-A6B4-4DC3-B438-507747EC9FC4} = {09A0997F-3DD2-448A-BC99-8C05F88D4894}
		{0C2F55CA-E03F-415D-8340-A8E33BE520B0} = {09A0997F-3DD2-448A-BC99-8C05F88D4894}
		{F3630E63-73EC-4338-A0A1-41346357311C} = {09A0997F-3DD2-448A-BC99-8C05F88D4894}
		{FB75A45A-2108-4AAD-A816-4846EE76FF1C} = {09A0997F-3DD2-448A-BC99-8C05F88D4894}
		{1F68B9C3-B6AA-4A51-89E0-FABD698E9652} = {09A0997F-3DD2-448A-BC99-8C05F88D4894}
		{FC0A7E1D-5F58-450F-8C15-F2BB74741210} = {09A0997F-3DD2-448A-BC99-8C05F88D4894}
		{1E65A9FA-C973-42FE-AA97-CD08C94E9BB4} = {09A0997F-3DD2-448A-BC99-8C05F88D4894}
		{F9A7362B-F51A-4941-BC6F-1EC1222C8B18} = {09A0997F-3DD2-448A-BC99-8C05F88D4894}
	EndGlobalSection
EndGlobal
