
Microsoft Visual Studio Solution File, Format Version 12.00
# Visual Studio 14
VisualStudioVersion = 14.0.25420.1
MinimumVisualStudioVersion = 10.0.40219.1
Project("{8BC9CEB8-8B4A-11D0-8D11-00A0C91BC942}") = "Aria", "Aria\Aria.vcxproj", "{6B830D5D-8206-40FA-BD91-63AC46568808}"
	ProjectSection(ProjectDependencies) = postProject
		{545A88BB-7447-428B-8A73-A1E8F2BBDB33} = {545A88BB-7447-428B-8A73-A1E8F2BBDB33}
	EndProjectSection
EndProject
Project("{8BC9CEB8-8B4A-11D0-8D11-00A0C91BC942}") = "Ghost0", "Ghost0\Ghost0.vcxproj", "{D661EDE9-D005-4E3A-BA21-41E3097A84C6}"
	ProjectSection(ProjectDependencies) = postProject
		{545A88BB-7447-428B-8A73-A1E8F2BBDB33} = {545A88BB-7447-428B-8A73-A1E8F2BBDB33}
	EndProjectSection
EndProject
Project("{8BC9CEB8-8B4A-11D0-8D11-00A0C91BC942}") = "Shell0", "Shell0\Shell0.vcxproj", "{5DF77CEB-6398-461E-AD1F-878A612E091E}"
	ProjectSection(ProjectDependencies) = postProject
		{4565722D-9EF2-4DF6-8085-8DBB5F8E2D66} = {4565722D-9EF2-4DF6-8085-8DBB5F8E2D66}
	EndProjectSection
EndProject
Project("{8BC9CEB8-8B4A-11D0-8D11-00A0C91BC942}") = "SpehsEngine", "..\..\SpehsEngine\SpehsEngine\SpehsEngine.vcxproj", "{545A88BB-7447-428B-8A73-A1E8F2BBDB33}"
EndProject
Project("{2150E333-8FDC-42A3-9474-1A3956D46DE8}") = "Robots", "Robots", "{2C068ED6-A43D-418F-9F2A-9634EF5B7768}"
EndProject
Project("{2150E333-8FDC-42A3-9474-1A3956D46DE8}") = "Robot0", "Robot0", "{63C2786C-0A87-4D15-AA0C-BAD689BEF3A2}"
EndProject
Project("{8BC9CEB8-8B4A-11D0-8D11-00A0C91BC942}") = "Codex", "Codex\Codex.vcxproj", "{4565722D-9EF2-4DF6-8085-8DBB5F8E2D66}"
EndProject
Global
	GlobalSection(SolutionConfigurationPlatforms) = preSolution
		Debug|ARM = Debug|ARM
		Debug|x64 = Debug|x64
		Debug|x86 = Debug|x86
		Release|ARM = Release|ARM
		Release|x64 = Release|x64
		Release|x86 = Release|x86
	EndGlobalSection
	GlobalSection(ProjectConfigurationPlatforms) = postSolution
		{6B830D5D-8206-40FA-BD91-63AC46568808}.Debug|ARM.ActiveCfg = Debug|Win32
		{6B830D5D-8206-40FA-BD91-63AC46568808}.Debug|x64.ActiveCfg = Debug|x64
		{6B830D5D-8206-40FA-BD91-63AC46568808}.Debug|x64.Build.0 = Debug|x64
		{6B830D5D-8206-40FA-BD91-63AC46568808}.Debug|x86.ActiveCfg = Debug|Win32
		{6B830D5D-8206-40FA-BD91-63AC46568808}.Debug|x86.Build.0 = Debug|Win32
		{6B830D5D-8206-40FA-BD91-63AC46568808}.Release|ARM.ActiveCfg = Release|Win32
		{6B830D5D-8206-40FA-BD91-63AC46568808}.Release|x64.ActiveCfg = Release|x64
		{6B830D5D-8206-40FA-BD91-63AC46568808}.Release|x64.Build.0 = Release|x64
		{6B830D5D-8206-40FA-BD91-63AC46568808}.Release|x86.ActiveCfg = Release|Win32
		{6B830D5D-8206-40FA-BD91-63AC46568808}.Release|x86.Build.0 = Release|Win32
		{D661EDE9-D005-4E3A-BA21-41E3097A84C6}.Debug|ARM.ActiveCfg = Debug|Win32
		{D661EDE9-D005-4E3A-BA21-41E3097A84C6}.Debug|x64.ActiveCfg = Debug|x64
		{D661EDE9-D005-4E3A-BA21-41E3097A84C6}.Debug|x64.Build.0 = Debug|x64
		{D661EDE9-D005-4E3A-BA21-41E3097A84C6}.Debug|x86.ActiveCfg = Debug|Win32
		{D661EDE9-D005-4E3A-BA21-41E3097A84C6}.Debug|x86.Build.0 = Debug|Win32
		{D661EDE9-D005-4E3A-BA21-41E3097A84C6}.Release|ARM.ActiveCfg = Release|Win32
		{D661EDE9-D005-4E3A-BA21-41E3097A84C6}.Release|x64.ActiveCfg = Release|x64
		{D661EDE9-D005-4E3A-BA21-41E3097A84C6}.Release|x64.Build.0 = Release|x64
		{D661EDE9-D005-4E3A-BA21-41E3097A84C6}.Release|x86.ActiveCfg = Release|Win32
		{D661EDE9-D005-4E3A-BA21-41E3097A84C6}.Release|x86.Build.0 = Release|Win32
		{5DF77CEB-6398-461E-AD1F-878A612E091E}.Debug|ARM.ActiveCfg = Debug|ARM
		{5DF77CEB-6398-461E-AD1F-878A612E091E}.Debug|ARM.Build.0 = Debug|ARM
		{5DF77CEB-6398-461E-AD1F-878A612E091E}.Debug|x64.ActiveCfg = Debug|x64
		{5DF77CEB-6398-461E-AD1F-878A612E091E}.Debug|x64.Build.0 = Debug|x64
		{5DF77CEB-6398-461E-AD1F-878A612E091E}.Debug|x86.ActiveCfg = Debug|x86
		{5DF77CEB-6398-461E-AD1F-878A612E091E}.Debug|x86.Build.0 = Debug|x86
		{5DF77CEB-6398-461E-AD1F-878A612E091E}.Release|ARM.ActiveCfg = Release|ARM
		{5DF77CEB-6398-461E-AD1F-878A612E091E}.Release|ARM.Build.0 = Release|ARM
		{5DF77CEB-6398-461E-AD1F-878A612E091E}.Release|x64.ActiveCfg = Release|x64
		{5DF77CEB-6398-461E-AD1F-878A612E091E}.Release|x64.Build.0 = Release|x64
		{5DF77CEB-6398-461E-AD1F-878A612E091E}.Release|x86.ActiveCfg = Release|x86
		{5DF77CEB-6398-461E-AD1F-878A612E091E}.Release|x86.Build.0 = Release|x86
		{545A88BB-7447-428B-8A73-A1E8F2BBDB33}.Debug|ARM.ActiveCfg = Debug|Win32
		{545A88BB-7447-428B-8A73-A1E8F2BBDB33}.Debug|x64.ActiveCfg = Debug|Win32
		{545A88BB-7447-428B-8A73-A1E8F2BBDB33}.Debug|x86.ActiveCfg = Debug|Win32
		{545A88BB-7447-428B-8A73-A1E8F2BBDB33}.Debug|x86.Build.0 = Debug|Win32
		{545A88BB-7447-428B-8A73-A1E8F2BBDB33}.Release|ARM.ActiveCfg = Release|Win32
		{545A88BB-7447-428B-8A73-A1E8F2BBDB33}.Release|x64.ActiveCfg = Release|Win32
		{545A88BB-7447-428B-8A73-A1E8F2BBDB33}.Release|x86.ActiveCfg = Release|Win32
		{545A88BB-7447-428B-8A73-A1E8F2BBDB33}.Release|x86.Build.0 = Release|Win32
		{4565722D-9EF2-4DF6-8085-8DBB5F8E2D66}.Debug|ARM.ActiveCfg = Debug|ARM
		{4565722D-9EF2-4DF6-8085-8DBB5F8E2D66}.Debug|ARM.Build.0 = Debug|ARM
		{4565722D-9EF2-4DF6-8085-8DBB5F8E2D66}.Debug|x64.ActiveCfg = Debug|x64
		{4565722D-9EF2-4DF6-8085-8DBB5F8E2D66}.Debug|x64.Build.0 = Debug|x64
		{4565722D-9EF2-4DF6-8085-8DBB5F8E2D66}.Debug|x86.ActiveCfg = Debug|x86
		{4565722D-9EF2-4DF6-8085-8DBB5F8E2D66}.Debug|x86.Build.0 = Debug|x86
		{4565722D-9EF2-4DF6-8085-8DBB5F8E2D66}.Release|ARM.ActiveCfg = Release|ARM
		{4565722D-9EF2-4DF6-8085-8DBB5F8E2D66}.Release|ARM.Build.0 = Release|ARM
		{4565722D-9EF2-4DF6-8085-8DBB5F8E2D66}.Release|x64.ActiveCfg = Release|x64
		{4565722D-9EF2-4DF6-8085-8DBB5F8E2D66}.Release|x64.Build.0 = Release|x64
		{4565722D-9EF2-4DF6-8085-8DBB5F8E2D66}.Release|x86.ActiveCfg = Release|x86
		{4565722D-9EF2-4DF6-8085-8DBB5F8E2D66}.Release|x86.Build.0 = Release|x86
	EndGlobalSection
	GlobalSection(SolutionProperties) = preSolution
		HideSolutionNode = FALSE
	EndGlobalSection
	GlobalSection(NestedProjects) = preSolution
		{D661EDE9-D005-4E3A-BA21-41E3097A84C6} = {63C2786C-0A87-4D15-AA0C-BAD689BEF3A2}
		{5DF77CEB-6398-461E-AD1F-878A612E091E} = {63C2786C-0A87-4D15-AA0C-BAD689BEF3A2}
		{63C2786C-0A87-4D15-AA0C-BAD689BEF3A2} = {2C068ED6-A43D-418F-9F2A-9634EF5B7768}
	EndGlobalSection
EndGlobal
